
Microsoft Visual Studio Solution File, Format Version 12.00
# Visual Studio 14
VisualStudioVersion = 14.0.24720.0
MinimumVisualStudioVersion = 10.0.40219.1
Project("{FAE04EC0-301F-11D3-BF4B-00C04F79EFBC}") = "WhiteRabbit.Tests.Integration", "WhiteRabbit.Tests\WhiteRabbit.Tests.Integration.csproj", "{199BF94C-4E0E-4D27-A59C-325A0184C7C1}"
EndProject
Project("{FAE04EC0-301F-11D3-BF4B-00C04F79EFBC}") = "WhiteRabbit", "WhiteRabbit\WhiteRabbit.csproj", "{17EAC1E5-B1F2-4B49-B357-1B1FFAF23E58}"
EndProject
Project("{FAE04EC0-301F-11D3-BF4B-00C04F79EFBC}") = "WhiteRabbit.Autofac", "WhiteRabbit.Autofac\WhiteRabbit.Autofac.csproj", "{8527ADC9-42C6-4530-A7CF-D7FCF371CEEB}"
EndProject
Project("{FAE04EC0-301F-11D3-BF4B-00C04F79EFBC}") = "WhiteRabbit.Json", "WhiteRabbit.Json\WhiteRabbit.Json.csproj", "{90E2D368-A159-4818-B052-60D089E683AB}"
EndProject
Project("{FAE04EC0-301F-11D3-BF4B-00C04F79EFBC}") = "WhiteRabbit.SampleApp", "WhiteRabbit.SampleApp\WhiteRabbit.SampleApp.csproj", "{2A3CEE14-84C5-44CF-8A5E-6AE628BC3F43}"
EndProject
Project("{FAE04EC0-301F-11D3-BF4B-00C04F79EFBC}") = "WhiteRabbit.Hopper", "WhiteRabbit.Hopper\WhiteRabbit.Hopper.csproj", "{4F76CE55-B1FE-4B11-A5CC-4730844DE1EF}"
EndProject
Project("{FAE04EC0-301F-11D3-BF4B-00C04F79EFBC}") = "WhiteRabbit.Hopper.SampleApp", "WhiteRabbit.Hopper.SampleApp\WhiteRabbit.Hopper.SampleApp.csproj", "{ACCA0EFF-4926-4C28-978A-F69FDAE9A362}"
EndProject
Project("{FAE04EC0-301F-11D3-BF4B-00C04F79EFBC}") = "WhiteRabbit.Protobuf", "WhiteRabbit.Protobuf\WhiteRabbit.Protobuf.csproj", "{CFF06DCE-C7C7-4FB6-9EA6-4500D158E1B8}"
EndProject
Project("{2150E333-8FDC-42A3-9474-1A3956D46DE8}") = "Tests", "Tests", "{8894901E-3C81-40DC-A41C-3675D483478D}"
EndProject
Project("{FAE04EC0-301F-11D3-BF4B-00C04F79EFBC}") = "WhiteRabbit.Tests.Unit", "WhiteRabbit.Tests.Unit\WhiteRabbit.Tests.Unit.csproj", "{8BC69FAE-B9E4-4969-B86C-84BC22956B37}"
EndProject
Global
	GlobalSection(SolutionConfigurationPlatforms) = preSolution
		Debug|Any CPU = Debug|Any CPU
		Release|Any CPU = Release|Any CPU
	EndGlobalSection
	GlobalSection(ProjectConfigurationPlatforms) = postSolution
		{199BF94C-4E0E-4D27-A59C-325A0184C7C1}.Debug|Any CPU.ActiveCfg = Debug|Any CPU
		{199BF94C-4E0E-4D27-A59C-325A0184C7C1}.Debug|Any CPU.Build.0 = Debug|Any CPU
		{199BF94C-4E0E-4D27-A59C-325A0184C7C1}.Release|Any CPU.ActiveCfg = Release|Any CPU
		{199BF94C-4E0E-4D27-A59C-325A0184C7C1}.Release|Any CPU.Build.0 = Release|Any CPU
		{17EAC1E5-B1F2-4B49-B357-1B1FFAF23E58}.Debug|Any CPU.ActiveCfg = Debug|Any CPU
		{17EAC1E5-B1F2-4B49-B357-1B1FFAF23E58}.Debug|Any CPU.Build.0 = Debug|Any CPU
		{17EAC1E5-B1F2-4B49-B357-1B1FFAF23E58}.Release|Any CPU.ActiveCfg = Release|Any CPU
		{17EAC1E5-B1F2-4B49-B357-1B1FFAF23E58}.Release|Any CPU.Build.0 = Release|Any CPU
		{8527ADC9-42C6-4530-A7CF-D7FCF371CEEB}.Debug|Any CPU.ActiveCfg = Debug|Any CPU
		{8527ADC9-42C6-4530-A7CF-D7FCF371CEEB}.Debug|Any CPU.Build.0 = Debug|Any CPU
		{8527ADC9-42C6-4530-A7CF-D7FCF371CEEB}.Release|Any CPU.ActiveCfg = Release|Any CPU
		{8527ADC9-42C6-4530-A7CF-D7FCF371CEEB}.Release|Any CPU.Build.0 = Release|Any CPU
		{90E2D368-A159-4818-B052-60D089E683AB}.Debug|Any CPU.ActiveCfg = Debug|Any CPU
		{90E2D368-A159-4818-B052-60D089E683AB}.Debug|Any CPU.Build.0 = Debug|Any CPU
		{90E2D368-A159-4818-B052-60D089E683AB}.Release|Any CPU.ActiveCfg = Release|Any CPU
		{90E2D368-A159-4818-B052-60D089E683AB}.Release|Any CPU.Build.0 = Release|Any CPU
		{2A3CEE14-84C5-44CF-8A5E-6AE628BC3F43}.Debug|Any CPU.ActiveCfg = Debug|Any CPU
		{2A3CEE14-84C5-44CF-8A5E-6AE628BC3F43}.Debug|Any CPU.Build.0 = Debug|Any CPU
		{2A3CEE14-84C5-44CF-8A5E-6AE628BC3F43}.Release|Any CPU.ActiveCfg = Release|Any CPU
		{2A3CEE14-84C5-44CF-8A5E-6AE628BC3F43}.Release|Any CPU.Build.0 = Release|Any CPU
		{4F76CE55-B1FE-4B11-A5CC-4730844DE1EF}.Debug|Any CPU.ActiveCfg = Debug|Any CPU
		{4F76CE55-B1FE-4B11-A5CC-4730844DE1EF}.Debug|Any CPU.Build.0 = Debug|Any CPU
		{4F76CE55-B1FE-4B11-A5CC-4730844DE1EF}.Release|Any CPU.ActiveCfg = Release|Any CPU
		{4F76CE55-B1FE-4B11-A5CC-4730844DE1EF}.Release|Any CPU.Build.0 = Release|Any CPU
		{ACCA0EFF-4926-4C28-978A-F69FDAE9A362}.Debug|Any CPU.ActiveCfg = Debug|Any CPU
		{ACCA0EFF-4926-4C28-978A-F69FDAE9A362}.Debug|Any CPU.Build.0 = Debug|Any CPU
		{ACCA0EFF-4926-4C28-978A-F69FDAE9A362}.Release|Any CPU.ActiveCfg = Release|Any CPU
		{ACCA0EFF-4926-4C28-978A-F69FDAE9A362}.Release|Any CPU.Build.0 = Release|Any CPU
		{CFF06DCE-C7C7-4FB6-9EA6-4500D158E1B8}.Debug|Any CPU.ActiveCfg = Debug|Any CPU
		{CFF06DCE-C7C7-4FB6-9EA6-4500D158E1B8}.Debug|Any CPU.Build.0 = Debug|Any CPU
		{CFF06DCE-C7C7-4FB6-9EA6-4500D158E1B8}.Release|Any CPU.ActiveCfg = Release|Any CPU
		{CFF06DCE-C7C7-4FB6-9EA6-4500D158E1B8}.Release|Any CPU.Build.0 = Release|Any CPU
		{8BC69FAE-B9E4-4969-B86C-84BC22956B37}.Debug|Any CPU.ActiveCfg = Debug|Any CPU
		{8BC69FAE-B9E4-4969-B86C-84BC22956B37}.Debug|Any CPU.Build.0 = Debug|Any CPU
		{8BC69FAE-B9E4-4969-B86C-84BC22956B37}.Release|Any CPU.ActiveCfg = Release|Any CPU
		{8BC69FAE-B9E4-4969-B86C-84BC22956B37}.Release|Any CPU.Build.0 = Release|Any CPU
	EndGlobalSection
	GlobalSection(SolutionProperties) = preSolution
		HideSolutionNode = FALSE
	EndGlobalSection
	GlobalSection(NestedProjects) = preSolution
		{199BF94C-4E0E-4D27-A59C-325A0184C7C1} = {8894901E-3C81-40DC-A41C-3675D483478D}
		{8BC69FAE-B9E4-4969-B86C-84BC22956B37} = {8894901E-3C81-40DC-A41C-3675D483478D}
	EndGlobalSection
EndGlobal
